
Microsoft Visual Studio Solution File, Format Version 12.00
# Visual Studio 15
VisualStudioVersion = 15.0.28307.102
MinimumVisualStudioVersion = 10.0.40219.1
Project("{FAE04EC0-301F-11D3-BF4B-00C04F79EFBC}") = "Tutorials.Reflection.App", "Tutorials.Reflection.App\Tutorials.Reflection.App.csproj", "{B8E72ECE-8E6E-49C6-A37C-23AA28F64D7F}"
EndProject
Global
	GlobalSection(SolutionConfigurationPlatforms) = preSolution
		Debug|Any CPU = Debug|Any CPU
		Release|Any CPU = Release|Any CPU
	EndGlobalSection
	GlobalSection(ProjectConfigurationPlatforms) = postSolution
		{B8E72ECE-8E6E-49C6-A37C-23AA28F64D7F}.Debug|Any CPU.ActiveCfg = Debug|Any CPU
		{B8E72ECE-8E6E-49C6-A37C-23AA28F64D7F}.Debug|Any CPU.Build.0 = Debug|Any CPU
		{B8E72ECE-8E6E-49C6-A37C-23AA28F64D7F}.Release|Any CPU.ActiveCfg = Release|Any CPU
		{B8E72ECE-8E6E-49C6-A37C-23AA28F64D7F}.Release|Any CPU.Build.0 = Release|Any CPU
	EndGlobalSection
	GlobalSection(SolutionProperties) = preSolution
		HideSolutionNode = FALSE
	EndGlobalSection
	GlobalSection(ExtensibilityGlobals) = postSolution
		SolutionGuid = {1B1387C2-1E75-42D3-90C9-36C26703DF56}
	EndGlobalSection
EndGlobal
